
Microsoft Visual Studio Solution File, Format Version 12.00
# Visual Studio Version 16
VisualStudioVersion = 16.0.29709.97
MinimumVisualStudioVersion = 10.0.40219.1
Project("{FAE04EC0-301F-11D3-BF4B-00C04F79EFBC}") = "InventoryApi", "InventoryApi\InventoryApi.csproj", "{E1204909-3CE9-46ED-AAB1-1C1F352B3103}"
EndProject
Project("{2150E333-8FDC-42A3-9474-1A3956D46DE8}") = "01. Api.Inventory", "01. Api.Inventory", "{6C61D138-2694-4843-A8DF-853124BF99FE}"
EndProject
Project("{2150E333-8FDC-42A3-9474-1A3956D46DE8}") = "01. Api", "01. Api", "{01E5DC56-0888-4972-994B-E0A9D62722C2}"
EndProject
Project("{2150E333-8FDC-42A3-9474-1A3956D46DE8}") = "02. Services", "02. Services", "{1C8B7E3F-3BFD-4F2F-B47C-93346FCDA957}"
EndProject
Project("{2150E333-8FDC-42A3-9474-1A3956D46DE8}") = "03. Domain", "03. Domain", "{463424D3-6043-42A7-902A-CB43635B1789}"
EndProject
Project("{2150E333-8FDC-42A3-9474-1A3956D46DE8}") = "02. Common", "02. Common", "{CC917A15-3E90-41C7-80F4-459CFEBE6243}"
EndProject
Project("{FAE04EC0-301F-11D3-BF4B-00C04F79EFBC}") = "Services.Layer", "Services.Layer\Services.Layer.csproj", "{8EC5DCD0-B3CF-477D-A98D-F9FD5F9760A7}"
EndProject
Project("{FAE04EC0-301F-11D3-BF4B-00C04F79EFBC}") = "Domain.Layer", "Domain.Layer\Domain.Layer.csproj", "{C9B7AF4A-949C-423D-A1FD-013BB8566516}"
EndProject
Project("{FAE04EC0-301F-11D3-BF4B-00C04F79EFBC}") = "Common.Layer", "Common.Layer\Common.Layer.csproj", "{20EA529B-F6C9-4F87-807E-041ABA48CB61}"
EndProject
Project("{FAE04EC0-301F-11D3-BF4B-00C04F79EFBC}") = "Domain.Dto.Layer", "Domain.Dto.Layer\Domain.Dto.Layer.csproj", "{6E62D7C0-5711-4D52-BB0F-C90AB6C22B44}"
EndProject
Global
	GlobalSection(SolutionConfigurationPlatforms) = preSolution
		Debug|Any CPU = Debug|Any CPU
		Release|Any CPU = Release|Any CPU
	EndGlobalSection
	GlobalSection(ProjectConfigurationPlatforms) = postSolution
		{E1204909-3CE9-46ED-AAB1-1C1F352B3103}.Debug|Any CPU.ActiveCfg = Debug|Any CPU
		{E1204909-3CE9-46ED-AAB1-1C1F352B3103}.Debug|Any CPU.Build.0 = Debug|Any CPU
		{E1204909-3CE9-46ED-AAB1-1C1F352B3103}.Release|Any CPU.ActiveCfg = Release|Any CPU
		{E1204909-3CE9-46ED-AAB1-1C1F352B3103}.Release|Any CPU.Build.0 = Release|Any CPU
		{8EC5DCD0-B3CF-477D-A98D-F9FD5F9760A7}.Debug|Any CPU.ActiveCfg = Debug|Any CPU
		{8EC5DCD0-B3CF-477D-A98D-F9FD5F9760A7}.Debug|Any CPU.Build.0 = Debug|Any CPU
		{8EC5DCD0-B3CF-477D-A98D-F9FD5F9760A7}.Release|Any CPU.ActiveCfg = Release|Any CPU
		{8EC5DCD0-B3CF-477D-A98D-F9FD5F9760A7}.Release|Any CPU.Build.0 = Release|Any CPU
		{C9B7AF4A-949C-423D-A1FD-013BB8566516}.Debug|Any CPU.ActiveCfg = Debug|Any CPU
		{C9B7AF4A-949C-423D-A1FD-013BB8566516}.Debug|Any CPU.Build.0 = Debug|Any CPU
		{C9B7AF4A-949C-423D-A1FD-013BB8566516}.Release|Any CPU.ActiveCfg = Release|Any CPU
		{C9B7AF4A-949C-423D-A1FD-013BB8566516}.Release|Any CPU.Build.0 = Release|Any CPU
		{20EA529B-F6C9-4F87-807E-041ABA48CB61}.Debug|Any CPU.ActiveCfg = Debug|Any CPU
		{20EA529B-F6C9-4F87-807E-041ABA48CB61}.Debug|Any CPU.Build.0 = Debug|Any CPU
		{20EA529B-F6C9-4F87-807E-041ABA48CB61}.Release|Any CPU.ActiveCfg = Release|Any CPU
		{20EA529B-F6C9-4F87-807E-041ABA48CB61}.Release|Any CPU.Build.0 = Release|Any CPU
		{6E62D7C0-5711-4D52-BB0F-C90AB6C22B44}.Debug|Any CPU.ActiveCfg = Debug|Any CPU
		{6E62D7C0-5711-4D52-BB0F-C90AB6C22B44}.Debug|Any CPU.Build.0 = Debug|Any CPU
		{6E62D7C0-5711-4D52-BB0F-C90AB6C22B44}.Release|Any CPU.ActiveCfg = Release|Any CPU
		{6E62D7C0-5711-4D52-BB0F-C90AB6C22B44}.Release|Any CPU.Build.0 = Release|Any CPU
	EndGlobalSection
	GlobalSection(SolutionProperties) = preSolution
		HideSolutionNode = FALSE
	EndGlobalSection
	GlobalSection(NestedProjects) = preSolution
		{E1204909-3CE9-46ED-AAB1-1C1F352B3103} = {01E5DC56-0888-4972-994B-E0A9D62722C2}
		{01E5DC56-0888-4972-994B-E0A9D62722C2} = {6C61D138-2694-4843-A8DF-853124BF99FE}
		{1C8B7E3F-3BFD-4F2F-B47C-93346FCDA957} = {6C61D138-2694-4843-A8DF-853124BF99FE}
		{463424D3-6043-42A7-902A-CB43635B1789} = {6C61D138-2694-4843-A8DF-853124BF99FE}
		{8EC5DCD0-B3CF-477D-A98D-F9FD5F9760A7} = {1C8B7E3F-3BFD-4F2F-B47C-93346FCDA957}
		{C9B7AF4A-949C-423D-A1FD-013BB8566516} = {463424D3-6043-42A7-902A-CB43635B1789}
		{20EA529B-F6C9-4F87-807E-041ABA48CB61} = {CC917A15-3E90-41C7-80F4-459CFEBE6243}
		{6E62D7C0-5711-4D52-BB0F-C90AB6C22B44} = {463424D3-6043-42A7-902A-CB43635B1789}
	EndGlobalSection
	GlobalSection(ExtensibilityGlobals) = postSolution
		SolutionGuid = {E9B0F2E6-51BE-4939-B564-ABA974EE520A}
	EndGlobalSection
EndGlobal
